# THIS IS AN AUTOGENERATED FILE. DO NOT EDIT THIS FILE DIRECTLY.
# yarn lockfile v1


"@babel/runtime@^7.11.2":
  version "7.12.1"
  resolved "https://registry.npmjs.org/@babel/runtime/-/runtime-7.12.1.tgz#b4116a6b6711d010b2dad3b7b6e43bf1b9954740"
  integrity sha512-J5AIf3vPj3UwXaAzb5j1xM4WAQDX3EMgemF8rjCP3SoW09LfRKAXQKt6CoVYl230P6iWdRcBbnLDDdnqWxZSCA==
  dependencies:
    regenerator-runtime "^0.13.4"

"@types/css-font-loading-module@0.0.4":
  version "0.0.4"
  resolved "https://registry.npmjs.org/@types/css-font-loading-module/-/css-font-loading-module-0.0.4.tgz#94a835e27d1af444c65cba88523533c174463d64"
  integrity sha512-ENdXf7MW4m9HeDojB2Ukbi7lYMIuQNBHVf98dbzaiG4EEJREBd6oleVAjrLRCrp7dm6CK1mmdmU9tcgF61acbw==

"@types/prop-types@*":
  version "15.7.3"
  resolved "https://registry.npmjs.org/@types/prop-types/-/prop-types-15.7.3.tgz#2ab0d5da2e5815f94b0b9d4b95d1e5f243ab2ca7"
  integrity sha512-KfRL3PuHmqQLOG+2tGpRO26Ctg+Cq1E01D2DMriKEATHgWLfeNDmq9e29Q9WIky0dQ3NPkd1mzYH8Lm936Z9qw==

"@types/react@*", "@types/react@^16.9.53":
  version "16.9.53"
  resolved "https://registry.npmjs.org/@types/react/-/react-16.9.53.tgz#40cd4f8b8d6b9528aedd1fff8fcffe7a112a3d23"
  integrity sha512-4nW60Sd4L7+WMXH1D6jCdVftuW7j4Za6zdp6tJ33Rqv0nk1ZAmQKML9ZLD4H0dehA3FZxXR/GM8gXplf82oNGw==
  dependencies:
    "@types/prop-types" "*"
    csstype "^3.0.2"

"@types/use-deep-compare-effect@^1.2.0":
  version "1.2.0"
  resolved "https://registry.npmjs.org/@types/use-deep-compare-effect/-/use-deep-compare-effect-1.2.0.tgz#d55d9bda6fea5ff7c93038c53052db1b3145f5d9"
  integrity sha512-2uNqaSobMvUTGR7G72tUHDX+Kx341q25OuM0m2B6VID7eljIvYuDaFTKfmDnbvej67yEhCc35zA6dmIYriwOXA==
  dependencies:
    "@types/react" "*"

"@xstate/fsm@^1.4.0":
  version "1.5.1"
  resolved "https://registry.npmjs.org/@xstate/fsm/-/fsm-1.5.1.tgz#b1ebedc77b11e4956fda0a6429cef986cd17979e"
  integrity sha512-t8blLI0e90jCE71yUQHLH5uEljD1v0aC8PKkHUtNWEnXt81EOj7xBjnlwmaHn/8cmE2aSygiBElUpkRZUV9hXA==

csstype@^3.0.2:
  version "3.0.3"
  resolved "https://registry.npmjs.org/csstype/-/csstype-3.0.3.tgz#2b410bbeba38ba9633353aff34b05d9755d065f8"
  integrity sha512-jPl+wbWPOWJ7SXsWyqGRk3lGecbar0Cb0OvZF/r/ZU011R4YqiRehgkQ9p4eQfo9DSDLqLL3wHwfxeJiuIsNag==

dequal@^2.0.2:
  version "2.0.2"
  resolved "https://registry.npmjs.org/dequal/-/dequal-2.0.2.tgz#85ca22025e3a87e65ef75a7a437b35284a7e319d"
  integrity sha512-q9K8BlJVxK7hQYqa6XISGmBZbtQQWVXSrRrWreHC94rMt1QL/Impruc+7p2CYSYuVIUr+YCt6hjrs1kkdJRTug==

"js-tokens@^3.0.0 || ^4.0.0":
  version "4.0.0"
  resolved "https://registry.npmjs.org/js-tokens/-/js-tokens-4.0.0.tgz#19203fb59991df98e3a287050d4647cdeaf32499"
  integrity sha512-RdJUflcE3cUzKiMqQgsCu06FPu9UdIJO0beYbPhHN4k6apgJtifcoCtT9bcxOpYBtpD2kCM6Sbzg4CausW/PKQ==

loose-envify@^1.1.0:
  version "1.4.0"
  resolved "https://registry.npmjs.org/loose-envify/-/loose-envify-1.4.0.tgz#71ee51fa7be4caec1a63839f7e682d8132d30caf"
  integrity sha512-lyuxPGr/Wfhrlem2CL/UcnUc1zcqKAImBDzukY7Y5F/yQiNdko6+fRLevlw1HgMySw7f611UIY408EtxRSoK3Q==
  dependencies:
    js-tokens "^3.0.0 || ^4.0.0"

mitt@^1.1.3:
  version "1.2.0"
  resolved "https://registry.npmjs.org/mitt/-/mitt-1.2.0.tgz#cb24e6569c806e31bd4e3995787fe38a04fdf90d"
  integrity sha512-r6lj77KlwqLhIUku9UWYes7KJtsczvolZkzp8hbaDPPaE24OmWl5s539Mytlj22siEQKosZ26qCBgda2PKwoJw==

object-assign@^4.1.1:
  version "4.1.1"
  resolved "https://registry.npmjs.org/object-assign/-/object-assign-4.1.1.tgz#2109adc7965887cfc05cbbd442cac8bfbb360863"
  integrity sha1-IQmtx5ZYh8/AXLvUQsrIv7s2CGM=

pako@^1.0.11:
  version "1.0.11"
  resolved "https://registry.npmjs.org/pako/-/pako-1.0.11.tgz#6c9599d340d54dfd3946380252a35705a6b992bf"
  integrity sha512-4hLB8Py4zZce5s4yd9XzopqwVv/yGNhV1Bl8NTmCq1763HeK2+EwVTv+leGeL13Dnh2wfbqowVPXCIO0z4taYw==

react@^17.0.1:
  version "17.0.1"
  resolved "https://registry.npmjs.org/react/-/react-17.0.1.tgz#6e0600416bd57574e3f86d92edba3d9008726127"
  integrity sha512-lG9c9UuMHdcAexXtigOZLX8exLWkW0Ku29qPRU8uhF2R9BN96dLCt0psvzPLlHc5OWkgymP3qwTRgbnw5BKx3w==
  dependencies:
    loose-envify "^1.1.0"
    object-assign "^4.1.1"

regenerator-runtime@^0.13.4:
  version "0.13.7"
  resolved "https://registry.npmjs.org/regenerator-runtime/-/regenerator-runtime-0.13.7.tgz#cac2dacc8a1ea675feaabaeb8ae833898ae46f55"
  integrity sha512-a54FxoJDIr27pgf7IgeQGxmqUNYrcV338lf/6gH456HZ/PhX+5BcwHXG9ajESmwe6WRO0tAzRUrRmNONWgkrew==

rrweb-player@^0.6.2:
  version "0.6.2"
  resolved "https://registry.npmjs.org/rrweb-player/-/rrweb-player-0.6.2.tgz#10f233ef69156eb98b330e4b2ca6a50320637f90"
  integrity sha512-UOzSiwE7S1V5anHbiVnjD3iwT1LP9khJI7r+se8tR+vcc2Qij/0y6YXI8u+O3+SfnEZg/sgKUxDYce8dhFFsLg==
  dependencies:
    rrweb "^0.9.7"

rrweb-snapshot@^0.8.2:
  version "0.8.2"
  resolved "https://registry.npmjs.org/rrweb-snapshot/-/rrweb-snapshot-0.8.2.tgz#1e87c0369e37c8af484de5a82301a9b09883081c"
  integrity sha512-KwD5NJeiPMgA+qRPf/0YIk0dKevOpj/2redYX+9Ker6FpyUlUBKaopEc9M3VbFnUqwgU9v109c9220PwhKEQcQ==

rrweb@^0.9.7:
  version "0.9.7"
  resolved "https://registry.npmjs.org/rrweb/-/rrweb-0.9.7.tgz#6632918dc61f2979d86d2b892810678408e7e11f"
  integrity sha512-n3TEe1OyEtOGFvh4D513dR4jKVBlw//flCaFSwNFBreod/WKNRuqyZ7A2SCbY3XJbQ8JRFTfGa1jGsKvhiqTdQ==
  dependencies:
    "@types/css-font-loading-module" "0.0.4"
    "@xstate/fsm" "^1.4.0"
    mitt "^1.1.3"
    pako "^1.0.11"
    rrweb-snapshot "^0.8.2"

use-deep-compare-effect@^1.4.0:
  version "1.4.0"
  resolved "https://registry.npmjs.org/use-deep-compare-effect/-/use-deep-compare-effect-1.4.0.tgz#3f40e3fa5b0b8d79e4126e83be384ed602472405"
  integrity sha512-46rF7ULcRnxI4+1Zoul95+KB48hpn1MUH1aXEBMyU+Sh1KJDqrTAkwhnxQL6ydBAqu3gLebYylcr0zpVBzbxxQ==
  dependencies:
    "@babel/runtime" "^7.11.2"
    "@types/use-deep-compare-effect" "^1.2.0"
    dequal "^2.0.2"
